{
  "nodes": {
    "antares-bot": {
      "inputs": {
        "nixpkgs": [
          "nixpkgs"
        ]
      },
      "locked": {
        "lastModified": 1789921579,
        "narHash": "sha256-LgVizDZiTm2i5HnK24ukFvflYtUvux7eW5svJwryPrk=",
        "owner": "Antares0982",
        "repo": "antares-bot",
        "rev": "9227a5c2de0b64dc8ea1d8f144a1fbfafd1e8b9d",
        "type": "github"
      },
      "original": {
        "owner": "Antares0982",
        "repo": "antares-bot",
        "type": "github"
      }
    },
    "nixpkgs": {
      "locked": {
        "lastModified": 1787135253,
        "narHash": "sha256-RD2kNWCG+Bjo6h+JVjWVNntZs2GtRoeY2xHjts/FNkA=",
        "owner": "NixOS",
        "repo": "nixpkgs",
        "rev": "ffb3c9b700e759be2ef13237c9d8f953b32a1e46",
        "type": "github"
      },
      "original": {
        "owner": "NixOS",
        "ref": "nixos-unstable",
        "repo": "nixpkgs",
        "type": "github"
      }
    },
    "root": {
      "inputs": {
        "antares-bot": "antares-bot",
        "nixpkgs": "nixpkgs"
      }
    }
  },
  "root": "root",
  "version": 7
}
