{
  "nodes": {
    "antares-bot": {
      "inputs": {
        "nixpkgs": [
          "nixpkgs"
        ]
      },
      "locked": {
        "lastModified": 1787407250,
        "narHash": "sha256-iI/B0Za+86Tz992qD8/EgLMLjhehPUJ8+SeipOSTkT4=",
        "owner": "Antares0982",
        "repo": "antares-bot",
        "rev": "5d5a133cd9ada7f3d20d94f2be80b53eeb2ab6f1",
        "type": "github"
      },
      "original": {
        "owner": "Antares0982",
        "repo": "antares-bot",
        "type": "github"
      }
    },
    "nixpkgs": {
      "locked": {
        "lastModified": 1787135253,
        "narHash": "sha256-RD2kNWCG+Bjo6h+JVjWVNntZs2GtRoeY2xHjts/FNkA=",
        "owner": "NixOS",
        "repo": "nixpkgs",
        "rev": "ffb3c9b700e759be2ef13237c9d8f953b32a1e46",
        "type": "github"
      },
      "original": {
        "owner": "NixOS",
        "ref": "nixos-unstable",
        "repo": "nixpkgs",
        "type": "github"
      }
    },
    "root": {
      "inputs": {
        "antares-bot": "antares-bot",
        "nixpkgs": "nixpkgs"
      }
    }
  },
  "root": "root",
  "version": 7
}
